
Microsoft Visual Studio Solution File, Format Version 12.00
# Visual Studio Version 16
VisualStudioVersion = 16.0.32602.291
MinimumVisualStudioVersion = 10.0.40219.1
Project("{FAE04EC0-301F-11D3-BF4B-00C04F79EFBC}") = "WebApplication1", "WebApplication1\WebApplication1.csproj", "{C93AF687-66FF-4C67-86A2-ED3B5374D609}"
EndProject
Global
	GlobalSection(SolutionConfigurationPlatforms) = preSolution
		Debug|Any CPU = Debug|Any CPU
		Release|Any CPU = Release|Any CPU
	EndGlobalSection
	GlobalSection(ProjectConfigurationPlatforms) = postSolution
		{C93AF687-66FF-4C67-86A2-ED3B5374D609}.Debug|Any CPU.ActiveCfg = Debug|Any CPU
		{C93AF687-66FF-4C67-86A2-ED3B5374D609}.Debug|Any CPU.Build.0 = Debug|Any CPU
		{C93AF687-66FF-4C67-86A2-ED3B5374D609}.Release|Any CPU.ActiveCfg = Release|Any CPU
		{C93AF687-66FF-4C67-86A2-ED3B5374D609}.Release|Any CPU.Build.0 = Release|Any CPU
	EndGlobalSection
	GlobalSection(SolutionProperties) = preSolution
		HideSolutionNode = FALSE
	EndGlobalSection
	GlobalSection(ExtensibilityGlobals) = postSolution
		SolutionGuid = {8DC0D448-F011-4676-83C9-9628702F2BE7}
	EndGlobalSection
EndGlobal
